
Microsoft Visual Studio Solution File, Format Version 12.00
# Visual Studio Version 17
VisualStudioVersion = 17.11.35208.52
MinimumVisualStudioVersion = 10.0.40219.1
Project("{2150E333-8FDC-42A3-9474-1A3956D46DE8}") = "Services", "Services", "{570EAA29-A9BC-43EE-BBD1-F0D43D24E7B2}"
EndProject
Project("{2150E333-8FDC-42A3-9474-1A3956D46DE8}") = "Catalog", "Catalog", "{5E323B4D-E04D-411C-A22F-B9836BF4D95B}"
EndProject
Project("{9A19103F-16F7-4668-BE54-9A1E7A4F7556}") = "Catalog.API", "Services\Catalog\Catalog.API\Catalog.API.csproj", "{858BD117-2D58-4BB2-86B7-F8A975592B4B}"
EndProject
Project("{2150E333-8FDC-42A3-9474-1A3956D46DE8}") = "BuidingBlocks", "BuidingBlocks", "{2DCAFFD0-54F1-4897-BF71-25D49B1E0044}"
EndProject
Project("{9A19103F-16F7-4668-BE54-9A1E7A4F7556}") = "BuildingBlocks", "BuildingBlocks\BuidingBlocks\BuildingBlocks.csproj", "{02DBF952-E48F-45F9-A572-0616D6AC56D7}"
EndProject
Project("{E53339B2-1760-4266-BCC7-CA923CBCF16C}") = "docker-compose", "docker-compose.dcproj", "{81DDED9D-158B-E303-5F62-77A2896D2A5A}"
EndProject
Project("{2150E333-8FDC-42A3-9474-1A3956D46DE8}") = "Basket", "Basket", "{02EA681E-C7D8-13C7-8484-4AC65E1B71E8}"
EndProject
Project("{FAE04EC0-301F-11D3-BF4B-00C04F79EFBC}") = "Basket.API", "Services\Basket\Basket.API\Basket.API.csproj", "{10423FC2-7CFB-455C-8F68-B390616A2B5C}"
EndProject
Global
	GlobalSection(SolutionConfigurationPlatforms) = preSolution
		Debug|Any CPU = Debug|Any CPU
		Debug|x64 = Debug|x64
		Release|Any CPU = Release|Any CPU
		Release|x64 = Release|x64
	EndGlobalSection
	GlobalSection(ProjectConfigurationPlatforms) = postSolution
		{858BD117-2D58-4BB2-86B7-F8A975592B4B}.Debug|Any CPU.ActiveCfg = Debug|Any CPU
		{858BD117-2D58-4BB2-86B7-F8A975592B4B}.Debug|Any CPU.Build.0 = Debug|Any CPU
		{858BD117-2D58-4BB2-86B7-F8A975592B4B}.Debug|x64.ActiveCfg = Debug|Any CPU
		{858BD117-2D58-4BB2-86B7-F8A975592B4B}.Debug|x64.Build.0 = Debug|Any CPU
		{858BD117-2D58-4BB2-86B7-F8A975592B4B}.Release|Any CPU.ActiveCfg = Release|Any CPU
		{858BD117-2D58-4BB2-86B7-F8A975592B4B}.Release|Any CPU.Build.0 = Release|Any CPU
		{858BD117-2D58-4BB2-86B7-F8A975592B4B}.Release|x64.ActiveCfg = Release|Any CPU
		{858BD117-2D58-4BB2-86B7-F8A975592B4B}.Release|x64.Build.0 = Release|Any CPU
		{02DBF952-E48F-45F9-A572-0616D6AC56D7}.Debug|Any CPU.ActiveCfg = Debug|Any CPU
		{02DBF952-E48F-45F9-A572-0616D6AC56D7}.Debug|Any CPU.Build.0 = Debug|Any CPU
		{02DBF952-E48F-45F9-A572-0616D6AC56D7}.Debug|x64.ActiveCfg = Debug|Any CPU
		{02DBF952-E48F-45F9-A572-0616D6AC56D7}.Debug|x64.Build.0 = Debug|Any CPU
		{02DBF952-E48F-45F9-A572-0616D6AC56D7}.Release|Any CPU.ActiveCfg = Release|Any CPU
		{02DBF952-E48F-45F9-A572-0616D6AC56D7}.Release|Any CPU.Build.0 = Release|Any CPU
		{02DBF952-E48F-45F9-A572-0616D6AC56D7}.Release|x64.ActiveCfg = Release|Any CPU
		{02DBF952-E48F-45F9-A572-0616D6AC56D7}.Release|x64.Build.0 = Release|Any CPU
		{81DDED9D-158B-E303-5F62-77A2896D2A5A}.Debug|Any CPU.ActiveCfg = Debug|Any CPU
		{81DDED9D-158B-E303-5F62-77A2896D2A5A}.Debug|Any CPU.Build.0 = Debug|Any CPU
		{81DDED9D-158B-E303-5F62-77A2896D2A5A}.Debug|x64.ActiveCfg = Debug|Any CPU
		{81DDED9D-158B-E303-5F62-77A2896D2A5A}.Debug|x64.Build.0 = Debug|Any CPU
		{81DDED9D-158B-E303-5F62-77A2896D2A5A}.Release|Any CPU.ActiveCfg = Release|Any CPU
		{81DDED9D-158B-E303-5F62-77A2896D2A5A}.Release|Any CPU.Build.0 = Release|Any CPU
		{81DDED9D-158B-E303-5F62-77A2896D2A5A}.Release|x64.ActiveCfg = Release|Any CPU
		{81DDED9D-158B-E303-5F62-77A2896D2A5A}.Release|x64.Build.0 = Release|Any CPU
		{10423FC2-7CFB-455C-8F68-B390616A2B5C}.Debug|Any CPU.ActiveCfg = Debug|Any CPU
		{10423FC2-7CFB-455C-8F68-B390616A2B5C}.Debug|Any CPU.Build.0 = Debug|Any CPU
		{10423FC2-7CFB-455C-8F68-B390616A2B5C}.Debug|x64.ActiveCfg = Debug|Any CPU
		{10423FC2-7CFB-455C-8F68-B390616A2B5C}.Debug|x64.Build.0 = Debug|Any CPU
		{10423FC2-7CFB-455C-8F68-B390616A2B5C}.Release|Any CPU.ActiveCfg = Release|Any CPU
		{10423FC2-7CFB-455C-8F68-B390616A2B5C}.Release|Any CPU.Build.0 = Release|Any CPU
		{10423FC2-7CFB-455C-8F68-B390616A2B5C}.Release|x64.ActiveCfg = Release|Any CPU
		{10423FC2-7CFB-455C-8F68-B390616A2B5C}.Release|x64.Build.0 = Release|Any CPU
	EndGlobalSection
	GlobalSection(SolutionProperties) = preSolution
		HideSolutionNode = FALSE
	EndGlobalSection
	GlobalSection(NestedProjects) = preSolution
		{5E323B4D-E04D-411C-A22F-B9836BF4D95B} = {570EAA29-A9BC-43EE-BBD1-F0D43D24E7B2}
		{858BD117-2D58-4BB2-86B7-F8A975592B4B} = {5E323B4D-E04D-411C-A22F-B9836BF4D95B}
		{02DBF952-E48F-45F9-A572-0616D6AC56D7} = {2DCAFFD0-54F1-4897-BF71-25D49B1E0044}
		{02EA681E-C7D8-13C7-8484-4AC65E1B71E8} = {570EAA29-A9BC-43EE-BBD1-F0D43D24E7B2}
		{10423FC2-7CFB-455C-8F68-B390616A2B5C} = {02EA681E-C7D8-13C7-8484-4AC65E1B71E8}
	EndGlobalSection
	GlobalSection(ExtensibilityGlobals) = postSolution
		SolutionGuid = {482B6E47-7C09-42C3-B47C-7495B3F1B71F}
	EndGlobalSection
EndGlobal
